
Microsoft Visual Studio Solution File, Format Version 12.00
# Visual Studio 15
VisualStudioVersion = 15.0.28010.2026
MinimumVisualStudioVersion = 10.0.40219.1
Project("{FAE04EC0-301F-11D3-BF4B-00C04F79EFBC}") = "DockerPowerTools", "DockerPowerTools\DockerPowerTools.csproj", "{24B6FB49-F06F-4E4E-8EF3-20A90B7A5E7F}"
EndProject
Project("{FAE04EC0-301F-11D3-BF4B-00C04F79EFBC}") = "DockerPowerTools.RegistryCopy", "DockerPowerTools.RegistryCopy\DockerPowerTools.RegistryCopy.csproj", "{13539B77-A62D-4362-B38D-08E3BADE89B2}"
EndProject
Project("{FAE04EC0-301F-11D3-BF4B-00C04F79EFBC}") = "DockerPowerTools.Common", "DockerPowerTools.Common\DockerPowerTools.Common.csproj", "{3A7B4C4A-677F-4A10-97C4-75C30710BA5F}"
EndProject
Project("{FAE04EC0-301F-11D3-BF4B-00C04F79EFBC}") = "DockerPowerTools.DockerExplorer", "DockerPowerTools.DockerExplorer\DockerPowerTools.DockerExplorer.csproj", "{F909AA45-C150-40AA-9EEF-D3B6A1C345C7}"
EndProject
Project("{FAE04EC0-301F-11D3-BF4B-00C04F79EFBC}") = "DockerPowerTools.RegistryExplorer", "DockerPowerTools.RegistryExplorer\DockerPowerTools.RegistryExplorer.csproj", "{35B7B3F3-53CA-4379-975C-595BD5709895}"
EndProject
Project("{FAE04EC0-301F-11D3-BF4B-00C04F79EFBC}") = "DockerPowerTools.Registry", "DockerPowerTools.Registry\DockerPowerTools.Registry.csproj", "{9608A6EE-6D75-4D32-A236-0271D9BEEA25}"
EndProject
Global
	GlobalSection(SolutionConfigurationPlatforms) = preSolution
		Debug|Any CPU = Debug|Any CPU
		Release|Any CPU = Release|Any CPU
	EndGlobalSection
	GlobalSection(ProjectConfigurationPlatforms) = postSolution
		{24B6FB49-F06F-4E4E-8EF3-20A90B7A5E7F}.Debug|Any CPU.ActiveCfg = Debug|Any CPU
		{24B6FB49-F06F-4E4E-8EF3-20A90B7A5E7F}.Debug|Any CPU.Build.0 = Debug|Any CPU
		{24B6FB49-F06F-4E4E-8EF3-20A90B7A5E7F}.Release|Any CPU.ActiveCfg = Release|Any CPU
		{24B6FB49-F06F-4E4E-8EF3-20A90B7A5E7F}.Release|Any CPU.Build.0 = Release|Any CPU
		{13539B77-A62D-4362-B38D-08E3BADE89B2}.Debug|Any CPU.ActiveCfg = Debug|Any CPU
		{13539B77-A62D-4362-B38D-08E3BADE89B2}.Debug|Any CPU.Build.0 = Debug|Any CPU
		{13539B77-A62D-4362-B38D-08E3BADE89B2}.Release|Any CPU.ActiveCfg = Release|Any CPU
		{13539B77-A62D-4362-B38D-08E3BADE89B2}.Release|Any CPU.Build.0 = Release|Any CPU
		{3A7B4C4A-677F-4A10-97C4-75C30710BA5F}.Debug|Any CPU.ActiveCfg = Debug|Any CPU
		{3A7B4C4A-677F-4A10-97C4-75C30710BA5F}.Debug|Any CPU.Build.0 = Debug|Any CPU
		{3A7B4C4A-677F-4A10-97C4-75C30710BA5F}.Release|Any CPU.ActiveCfg = Release|Any CPU
		{3A7B4C4A-677F-4A10-97C4-75C30710BA5F}.Release|Any CPU.Build.0 = Release|Any CPU
		{F909AA45-C150-40AA-9EEF-D3B6A1C345C7}.Debug|Any CPU.ActiveCfg = Debug|Any CPU
		{F909AA45-C150-40AA-9EEF-D3B6A1C345C7}.Debug|Any CPU.Build.0 = Debug|Any CPU
		{F909AA45-C150-40AA-9EEF-D3B6A1C345C7}.Release|Any CPU.ActiveCfg = Release|Any CPU
		{F909AA45-C150-40AA-9EEF-D3B6A1C345C7}.Release|Any CPU.Build.0 = Release|Any CPU
		{35B7B3F3-53CA-4379-975C-595BD5709895}.Debug|Any CPU.ActiveCfg = Debug|Any CPU
		{35B7B3F3-53CA-4379-975C-595BD5709895}.Debug|Any CPU.Build.0 = Debug|Any CPU
		{35B7B3F3-53CA-4379-975C-595BD5709895}.Release|Any CPU.ActiveCfg = Release|Any CPU
		{35B7B3F3-53CA-4379-975C-595BD5709895}.Release|Any CPU.Build.0 = Release|Any CPU
		{9608A6EE-6D75-4D32-A236-0271D9BEEA25}.Debug|Any CPU.ActiveCfg = Debug|Any CPU
		{9608A6EE-6D75-4D32-A236-0271D9BEEA25}.Debug|Any CPU.Build.0 = Debug|Any CPU
		{9608A6EE-6D75-4D32-A236-0271D9BEEA25}.Release|Any CPU.ActiveCfg = Release|Any CPU
		{9608A6EE-6D75-4D32-A236-0271D9BEEA25}.Release|Any CPU.Build.0 = Release|Any CPU
	EndGlobalSection
	GlobalSection(SolutionProperties) = preSolution
		HideSolutionNode = FALSE
	EndGlobalSection
	GlobalSection(ExtensibilityGlobals) = postSolution
		SolutionGuid = {47E4FB40-E698-477F-9EE4-6375F54574C7}
	EndGlobalSection
EndGlobal
