
Microsoft Visual Studio Solution File, Format Version 12.00
# Visual Studio 15
VisualStudioVersion = 15.0.28010.2026
MinimumVisualStudioVersion = 10.0.40219.1
Project("{FAE04EC0-301F-11D3-BF4B-00C04F79EFBC}") = "DockerPowerTools", "DockerPowerTools\DockerPowerTools.csproj", "{24B6FB49-F06F-4E4E-8EF3-20A90B7A5E7F}"
EndProject
Project("{FAE04EC0-301F-11D3-BF4B-00C04F79EFBC}") = "DockerPowerTools.RegistryCopy", "DockerPowerTools.RegistryCopy\DockerPowerTools.RegistryCopy.csproj", "{13539B77-A62D-4362-B38D-08E3BADE89B2}"
EndProject
Global
	GlobalSection(SolutionConfigurationPlatforms) = preSolution
		Debug|Any CPU = Debug|Any CPU
		Release|Any CPU = Release|Any CPU
	EndGlobalSection
	GlobalSection(ProjectConfigurationPlatforms) = postSolution
		{24B6FB49-F06F-4E4E-8EF3-20A90B7A5E7F}.Debug|Any CPU.ActiveCfg = Debug|Any CPU
		{24B6FB49-F06F-4E4E-8EF3-20A90B7A5E7F}.Debug|Any CPU.Build.0 = Debug|Any CPU
		{24B6FB49-F06F-4E4E-8EF3-20A90B7A5E7F}.Release|Any CPU.ActiveCfg = Release|Any CPU
		{24B6FB49-F06F-4E4E-8EF3-20A90B7A5E7F}.Release|Any CPU.Build.0 = Release|Any CPU
		{13539B77-A62D-4362-B38D-08E3BADE89B2}.Debug|Any CPU.ActiveCfg = Debug|Any CPU
		{13539B77-A62D-4362-B38D-08E3BADE89B2}.Debug|Any CPU.Build.0 = Debug|Any CPU
		{13539B77-A62D-4362-B38D-08E3BADE89B2}.Release|Any CPU.ActiveCfg = Release|Any CPU
		{13539B77-A62D-4362-B38D-08E3BADE89B2}.Release|Any CPU.Build.0 = Release|Any CPU
	EndGlobalSection
	GlobalSection(SolutionProperties) = preSolution
		HideSolutionNode = FALSE
	EndGlobalSection
	GlobalSection(ExtensibilityGlobals) = postSolution
		SolutionGuid = {47E4FB40-E698-477F-9EE4-6375F54574C7}
	EndGlobalSection
EndGlobal
